
Microsoft Visual Studio Solution File, Format Version 12.00
# Visual Studio Version 17
VisualStudioVersion = 17.10.34928.147
MinimumVisualStudioVersion = 10.0.40219.1
Project("{FAE04EC0-301F-11D3-BF4B-00C04F79EFBC}") = "MVCDBADO", "MVCDBADO\MVCDBADO.csproj", "{AE62973A-1232-42B3-A3BD-B299FDD2ACC5}"
EndProject
Global
	GlobalSection(SolutionConfigurationPlatforms) = preSolution
		Debug|Any CPU = Debug|Any CPU
		Release|Any CPU = Release|Any CPU
	EndGlobalSection
	GlobalSection(ProjectConfigurationPlatforms) = postSolution
		{AE62973A-1232-42B3-A3BD-B299FDD2ACC5}.Debug|Any CPU.ActiveCfg = Debug|Any CPU
		{AE62973A-1232-42B3-A3BD-B299FDD2ACC5}.Debug|Any CPU.Build.0 = Debug|Any CPU
		{AE62973A-1232-42B3-A3BD-B299FDD2ACC5}.Release|Any CPU.ActiveCfg = Release|Any CPU
		{AE62973A-1232-42B3-A3BD-B299FDD2ACC5}.Release|Any CPU.Build.0 = Release|Any CPU
	EndGlobalSection
	GlobalSection(SolutionProperties) = preSolution
		HideSolutionNode = FALSE
	EndGlobalSection
	GlobalSection(ExtensibilityGlobals) = postSolution
		SolutionGuid = {892DE2E5-6720-4C00-98A8-861C8562BDF2}
	EndGlobalSection
EndGlobal
